
Microsoft Visual Studio Solution File, Format Version 12.00
# Visual Studio Version 17
VisualStudioVersion = 17.9.34714.143
MinimumVisualStudioVersion = 10.0.40219.1
Project("{FAE04EC0-301F-11D3-BF4B-00C04F79EFBC}") = "Examen Machine", "Examen Machine\Examen Machine.csproj", "{6CABAC10-7EC0-4188-BD73-30BE665563B5}"
EndProject
Global
	GlobalSection(SolutionConfigurationPlatforms) = preSolution
		Debug|Any CPU = Debug|Any CPU
		Release|Any CPU = Release|Any CPU
	EndGlobalSection
	GlobalSection(ProjectConfigurationPlatforms) = postSolution
		{6CABAC10-7EC0-4188-BD73-30BE665563B5}.Debug|Any CPU.ActiveCfg = Debug|Any CPU
		{6CABAC10-7EC0-4188-BD73-30BE665563B5}.Debug|Any CPU.Build.0 = Debug|Any CPU
		{6CABAC10-7EC0-4188-BD73-30BE665563B5}.Release|Any CPU.ActiveCfg = Release|Any CPU
		{6CABAC10-7EC0-4188-BD73-30BE665563B5}.Release|Any CPU.Build.0 = Release|Any CPU
	EndGlobalSection
	GlobalSection(SolutionProperties) = preSolution
		HideSolutionNode = FALSE
	EndGlobalSection
	GlobalSection(ExtensibilityGlobals) = postSolution
		SolutionGuid = {D65273C4-4B1C-44AB-9200-0949F52AEFD0}
	EndGlobalSection
EndGlobal
